
Microsoft Visual Studio Solution File, Format Version 12.00
# Visual Studio 2012
Project("{888888A0-9F3D-457C-B088-3A5042F75D52}") = "AllinOne", "AllinOne\AllinOne.pyproj", "{F5F6177E-B110-488D-A7E0-A1F7FBF4B113}"
EndProject
Project("{888888A0-9F3D-457C-B088-3A5042F75D52}") = "plugin.service.allinOne", "plugin.service.allinOne\plugin.service.allinOne.pyproj", "{D2B660C7-9EEA-4AD9-8C8E-BA836583A243}"
EndProject
Global
	GlobalSection(SolutionConfigurationPlatforms) = preSolution
		Debug|Any CPU = Debug|Any CPU
		Release|Any CPU = Release|Any CPU
	EndGlobalSection
	GlobalSection(ProjectConfigurationPlatforms) = postSolution
		{F5F6177E-B110-488D-A7E0-A1F7FBF4B113}.Debug|Any CPU.ActiveCfg = Debug|Any CPU
		{F5F6177E-B110-488D-A7E0-A1F7FBF4B113}.Debug|Any CPU.Build.0 = Debug|Any CPU
		{F5F6177E-B110-488D-A7E0-A1F7FBF4B113}.Release|Any CPU.ActiveCfg = Release|Any CPU
		{F5F6177E-B110-488D-A7E0-A1F7FBF4B113}.Release|Any CPU.Build.0 = Release|Any CPU
		{D2B660C7-9EEA-4AD9-8C8E-BA836583A243}.Debug|Any CPU.ActiveCfg = Debug|Any CPU
		{D2B660C7-9EEA-4AD9-8C8E-BA836583A243}.Debug|Any CPU.Build.0 = Debug|Any CPU
		{D2B660C7-9EEA-4AD9-8C8E-BA836583A243}.Release|Any CPU.ActiveCfg = Release|Any CPU
		{D2B660C7-9EEA-4AD9-8C8E-BA836583A243}.Release|Any CPU.Build.0 = Release|Any CPU
	EndGlobalSection
	GlobalSection(SolutionProperties) = preSolution
		HideSolutionNode = FALSE
	EndGlobalSection
EndGlobal
